
Microsoft Visual Studio Solution File, Format Version 12.00
# Visual Studio Version 16
VisualStudioVersion = 16.0.31112.23
MinimumVisualStudioVersion = 10.0.40219.1
Project("{FAE04EC0-301F-11D3-BF4B-00C04F79EFBC}") = "CS05_Linq", "CS05_Linq\CS05_Linq.csproj", "{B8C4A0AA-75EC-48AE-8064-861B0B73A41E}"
EndProject
Global
	GlobalSection(SolutionConfigurationPlatforms) = preSolution
		Debug|Any CPU = Debug|Any CPU
		Release|Any CPU = Release|Any CPU
	EndGlobalSection
	GlobalSection(ProjectConfigurationPlatforms) = postSolution
		{B8C4A0AA-75EC-48AE-8064-861B0B73A41E}.Debug|Any CPU.ActiveCfg = Debug|Any CPU
		{B8C4A0AA-75EC-48AE-8064-861B0B73A41E}.Debug|Any CPU.Build.0 = Debug|Any CPU
		{B8C4A0AA-75EC-48AE-8064-861B0B73A41E}.Release|Any CPU.ActiveCfg = Release|Any CPU
		{B8C4A0AA-75EC-48AE-8064-861B0B73A41E}.Release|Any CPU.Build.0 = Release|Any CPU
	EndGlobalSection
	GlobalSection(SolutionProperties) = preSolution
		HideSolutionNode = FALSE
	EndGlobalSection
	GlobalSection(ExtensibilityGlobals) = postSolution
		SolutionGuid = {5073348D-E73F-4D38-AEC9-F986441474FD}
	EndGlobalSection
EndGlobal
